
Microsoft Visual Studio Solution File, Format Version 10.00
# Visual Studio 2008
Project("{8BC9CEB8-8B4A-11D0-8D11-00A0C91BC942}") = "boostfunction", "boostfunction.vcproj", "{EC31246D-973F-4884-9BBC-8A076122DD54}"
EndProject
Global
	GlobalSection(SolutionConfigurationPlatforms) = preSolution
		Debug|Win32 = Debug|Win32
		Release|Win32 = Release|Win32
	EndGlobalSection
	GlobalSection(ProjectConfigurationPlatforms) = postSolution
		{EC31246D-973F-4884-9BBC-8A076122DD54}.Debug|Win32.ActiveCfg = Debug|Win32
		{EC31246D-973F-4884-9BBC-8A076122DD54}.Debug|Win32.Build.0 = Debug|Win32
		{EC31246D-973F-4884-9BBC-8A076122DD54}.Release|Win32.ActiveCfg = Release|Win32
		{EC31246D-973F-4884-9BBC-8A076122DD54}.Release|Win32.Build.0 = Release|Win32
	EndGlobalSection
	GlobalSection(SolutionProperties) = preSolution
		HideSolutionNode = FALSE
	EndGlobalSection
EndGlobal
