
Microsoft Visual Studio Solution File, Format Version 10.00
# Visual Studio 2008
Project("{8BC9CEB8-8B4A-11D0-8D11-00A0C91BC942}") = "boostclient", "boostclient.vcproj", "{134BC01D-5FB9-4CBB-8467-1712B943EE44}"
EndProject
Global
	GlobalSection(SolutionConfigurationPlatforms) = preSolution
		Debug|Win32 = Debug|Win32
		Release|Win32 = Release|Win32
	EndGlobalSection
	GlobalSection(ProjectConfigurationPlatforms) = postSolution
		{134BC01D-5FB9-4CBB-8467-1712B943EE44}.Debug|Win32.ActiveCfg = Debug|Win32
		{134BC01D-5FB9-4CBB-8467-1712B943EE44}.Debug|Win32.Build.0 = Debug|Win32
		{134BC01D-5FB9-4CBB-8467-1712B943EE44}.Release|Win32.ActiveCfg = Release|Win32
		{134BC01D-5FB9-4CBB-8467-1712B943EE44}.Release|Win32.Build.0 = Release|Win32
	EndGlobalSection
	GlobalSection(SolutionProperties) = preSolution
		HideSolutionNode = FALSE
	EndGlobalSection
EndGlobal
