
Microsoft Visual Studio Solution File, Format Version 10.00
# Visual Studio 2008
Project("{8BC9CEB8-8B4A-11D0-8D11-00A0C91BC942}") = "test3", "test3.vcproj", "{7EE6FB43-440D-400A-B34D-16A9A0EF0A5C}"
EndProject
Global
	GlobalSection(SolutionConfigurationPlatforms) = preSolution
		Debug|Win32 = Debug|Win32
		Release|Win32 = Release|Win32
	EndGlobalSection
	GlobalSection(ProjectConfigurationPlatforms) = postSolution
		{7EE6FB43-440D-400A-B34D-16A9A0EF0A5C}.Debug|Win32.ActiveCfg = Debug|Win32
		{7EE6FB43-440D-400A-B34D-16A9A0EF0A5C}.Debug|Win32.Build.0 = Debug|Win32
		{7EE6FB43-440D-400A-B34D-16A9A0EF0A5C}.Release|Win32.ActiveCfg = Release|Win32
		{7EE6FB43-440D-400A-B34D-16A9A0EF0A5C}.Release|Win32.Build.0 = Release|Win32
	EndGlobalSection
	GlobalSection(SolutionProperties) = preSolution
		HideSolutionNode = FALSE
	EndGlobalSection
EndGlobal
